
Microsoft Visual Studio Solution File, Format Version 12.00
# Visual Studio 15
VisualStudioVersion = 15.0.26114.2
MinimumVisualStudioVersion = 10.0.40219.1
Project("{2150E333-8FDC-42A3-9474-1A3956D46DE8}") = "test", "test", "{D2240388-FDDB-4942-B31A-3FCCA58B6FC7}"
EndProject
Project("{FAE04EC0-301F-11D3-BF4B-00C04F79EFBC}") = "NCI.OCPL.Services.CDE.PublishedContentListing.Tests", "test\NCI.OCPL.Services.CDE.PublishedContentListing.Tests\NCI.OCPL.Services.CDE.PublishedContentListing.Tests.csproj", "{53E8418E-890E-4238-BEC8-341359D9B649}"
EndProject
Project("{FAE04EC0-301F-11D3-BF4B-00C04F79EFBC}") = "NCI.OCPL.Api.BestBets.Tests", "test\NCI.OCPL.Api.BestBets.Tests\NCI.OCPL.Api.BestBets.Tests.csproj", "{AAF27F84-2B60-4240-B2C3-B1A71311205D}"
EndProject
Project("{2150E333-8FDC-42A3-9474-1A3956D46DE8}") = "src", "src", "{3E3B5939-10DE-4F6B-B48F-6B1D53158FBB}"
EndProject
Project("{FAE04EC0-301F-11D3-BF4B-00C04F79EFBC}") = "NCI.OCPL.Api.BestBets", "src\NCI.OCPL.Api.BestBets\NCI.OCPL.Api.BestBets.csproj", "{5D9E62D6-3E1C-430C-93A7-5A559B5BFB17}"
EndProject
Project("{FAE04EC0-301F-11D3-BF4B-00C04F79EFBC}") = "NCI.OCPL.Api.BestBets.Indexer.Tests", "test\NCI.OCPL.Api.BestBets.Indexer.Tests\NCI.OCPL.Api.BestBets.Indexer.Tests.csproj", "{69C4BE1B-5258-4FB7-A1FC-9A94F5450247}"
EndProject
Project("{FAE04EC0-301F-11D3-BF4B-00C04F79EFBC}") = "NCI.OCPL.Services.CDE.PublishedContentListing", "src\NCI.OCPL.Services.CDE.PublishedContentListing\NCI.OCPL.Services.CDE.PublishedContentListing.csproj", "{A01FB18A-F462-49EF-8D02-9DAE58A97DEC}"
EndProject
Project("{FAE04EC0-301F-11D3-BF4B-00C04F79EFBC}") = "NCI.OCPL.Api.BestBets.Indexer", "src\NCI.OCPL.Api.BestBets.Indexer\NCI.OCPL.Api.BestBets.Indexer.csproj", "{729BE6D7-94AF-4D0A-83DD-B74145011EBF}"
EndProject
Global
	GlobalSection(SolutionConfigurationPlatforms) = preSolution
		Debug|Any CPU = Debug|Any CPU
		Release|Any CPU = Release|Any CPU
		Debug|x64 = Debug|x64
		Debug|x86 = Debug|x86
		Release|x64 = Release|x64
		Release|x86 = Release|x86
	EndGlobalSection
	GlobalSection(ProjectConfigurationPlatforms) = postSolution
		{53E8418E-890E-4238-BEC8-341359D9B649}.Debug|Any CPU.ActiveCfg = Debug|Any CPU
		{53E8418E-890E-4238-BEC8-341359D9B649}.Debug|Any CPU.Build.0 = Debug|Any CPU
		{53E8418E-890E-4238-BEC8-341359D9B649}.Debug|x64.ActiveCfg = Debug|x64
		{53E8418E-890E-4238-BEC8-341359D9B649}.Debug|x64.Build.0 = Debug|x64
		{53E8418E-890E-4238-BEC8-341359D9B649}.Debug|x86.ActiveCfg = Debug|x86
		{53E8418E-890E-4238-BEC8-341359D9B649}.Debug|x86.Build.0 = Debug|x86
		{53E8418E-890E-4238-BEC8-341359D9B649}.Release|Any CPU.ActiveCfg = Release|Any CPU
		{53E8418E-890E-4238-BEC8-341359D9B649}.Release|Any CPU.Build.0 = Release|Any CPU
		{53E8418E-890E-4238-BEC8-341359D9B649}.Release|x64.ActiveCfg = Release|x64
		{53E8418E-890E-4238-BEC8-341359D9B649}.Release|x64.Build.0 = Release|x64
		{53E8418E-890E-4238-BEC8-341359D9B649}.Release|x86.ActiveCfg = Release|x86
		{53E8418E-890E-4238-BEC8-341359D9B649}.Release|x86.Build.0 = Release|x86
		{AAF27F84-2B60-4240-B2C3-B1A71311205D}.Debug|Any CPU.ActiveCfg = Debug|Any CPU
		{AAF27F84-2B60-4240-B2C3-B1A71311205D}.Debug|Any CPU.Build.0 = Debug|Any CPU
		{AAF27F84-2B60-4240-B2C3-B1A71311205D}.Debug|x64.ActiveCfg = Debug|x64
		{AAF27F84-2B60-4240-B2C3-B1A71311205D}.Debug|x64.Build.0 = Debug|x64
		{AAF27F84-2B60-4240-B2C3-B1A71311205D}.Debug|x86.ActiveCfg = Debug|x86
		{AAF27F84-2B60-4240-B2C3-B1A71311205D}.Debug|x86.Build.0 = Debug|x86
		{AAF27F84-2B60-4240-B2C3-B1A71311205D}.Release|Any CPU.ActiveCfg = Release|Any CPU
		{AAF27F84-2B60-4240-B2C3-B1A71311205D}.Release|Any CPU.Build.0 = Release|Any CPU
		{AAF27F84-2B60-4240-B2C3-B1A71311205D}.Release|x64.ActiveCfg = Release|x64
		{AAF27F84-2B60-4240-B2C3-B1A71311205D}.Release|x64.Build.0 = Release|x64
		{AAF27F84-2B60-4240-B2C3-B1A71311205D}.Release|x86.ActiveCfg = Release|x86
		{AAF27F84-2B60-4240-B2C3-B1A71311205D}.Release|x86.Build.0 = Release|x86
		{5D9E62D6-3E1C-430C-93A7-5A559B5BFB17}.Debug|Any CPU.ActiveCfg = Debug|Any CPU
		{5D9E62D6-3E1C-430C-93A7-5A559B5BFB17}.Debug|Any CPU.Build.0 = Debug|Any CPU
		{5D9E62D6-3E1C-430C-93A7-5A559B5BFB17}.Debug|x64.ActiveCfg = Debug|x64
		{5D9E62D6-3E1C-430C-93A7-5A559B5BFB17}.Debug|x64.Build.0 = Debug|x64
		{5D9E62D6-3E1C-430C-93A7-5A559B5BFB17}.Debug|x86.ActiveCfg = Debug|x86
		{5D9E62D6-3E1C-430C-93A7-5A559B5BFB17}.Debug|x86.Build.0 = Debug|x86
		{5D9E62D6-3E1C-430C-93A7-5A559B5BFB17}.Release|Any CPU.ActiveCfg = Release|Any CPU
		{5D9E62D6-3E1C-430C-93A7-5A559B5BFB17}.Release|Any CPU.Build.0 = Release|Any CPU
		{5D9E62D6-3E1C-430C-93A7-5A559B5BFB17}.Release|x64.ActiveCfg = Release|x64
		{5D9E62D6-3E1C-430C-93A7-5A559B5BFB17}.Release|x64.Build.0 = Release|x64
		{5D9E62D6-3E1C-430C-93A7-5A559B5BFB17}.Release|x86.ActiveCfg = Release|x86
		{5D9E62D6-3E1C-430C-93A7-5A559B5BFB17}.Release|x86.Build.0 = Release|x86
		{69C4BE1B-5258-4FB7-A1FC-9A94F5450247}.Debug|Any CPU.ActiveCfg = Debug|Any CPU
		{69C4BE1B-5258-4FB7-A1FC-9A94F5450247}.Debug|Any CPU.Build.0 = Debug|Any CPU
		{69C4BE1B-5258-4FB7-A1FC-9A94F5450247}.Debug|x64.ActiveCfg = Debug|x64
		{69C4BE1B-5258-4FB7-A1FC-9A94F5450247}.Debug|x64.Build.0 = Debug|x64
		{69C4BE1B-5258-4FB7-A1FC-9A94F5450247}.Debug|x86.ActiveCfg = Debug|x86
		{69C4BE1B-5258-4FB7-A1FC-9A94F5450247}.Debug|x86.Build.0 = Debug|x86
		{69C4BE1B-5258-4FB7-A1FC-9A94F5450247}.Release|Any CPU.ActiveCfg = Release|Any CPU
		{69C4BE1B-5258-4FB7-A1FC-9A94F5450247}.Release|Any CPU.Build.0 = Release|Any CPU
		{69C4BE1B-5258-4FB7-A1FC-9A94F5450247}.Release|x64.ActiveCfg = Release|x64
		{69C4BE1B-5258-4FB7-A1FC-9A94F5450247}.Release|x64.Build.0 = Release|x64
		{69C4BE1B-5258-4FB7-A1FC-9A94F5450247}.Release|x86.ActiveCfg = Release|x86
		{69C4BE1B-5258-4FB7-A1FC-9A94F5450247}.Release|x86.Build.0 = Release|x86
		{A01FB18A-F462-49EF-8D02-9DAE58A97DEC}.Debug|Any CPU.ActiveCfg = Debug|Any CPU
		{A01FB18A-F462-49EF-8D02-9DAE58A97DEC}.Debug|Any CPU.Build.0 = Debug|Any CPU
		{A01FB18A-F462-49EF-8D02-9DAE58A97DEC}.Debug|x64.ActiveCfg = Debug|x64
		{A01FB18A-F462-49EF-8D02-9DAE58A97DEC}.Debug|x64.Build.0 = Debug|x64
		{A01FB18A-F462-49EF-8D02-9DAE58A97DEC}.Debug|x86.ActiveCfg = Debug|x86
		{A01FB18A-F462-49EF-8D02-9DAE58A97DEC}.Debug|x86.Build.0 = Debug|x86
		{A01FB18A-F462-49EF-8D02-9DAE58A97DEC}.Release|Any CPU.ActiveCfg = Release|Any CPU
		{A01FB18A-F462-49EF-8D02-9DAE58A97DEC}.Release|Any CPU.Build.0 = Release|Any CPU
		{A01FB18A-F462-49EF-8D02-9DAE58A97DEC}.Release|x64.ActiveCfg = Release|x64
		{A01FB18A-F462-49EF-8D02-9DAE58A97DEC}.Release|x64.Build.0 = Release|x64
		{A01FB18A-F462-49EF-8D02-9DAE58A97DEC}.Release|x86.ActiveCfg = Release|x86
		{A01FB18A-F462-49EF-8D02-9DAE58A97DEC}.Release|x86.Build.0 = Release|x86
		{729BE6D7-94AF-4D0A-83DD-B74145011EBF}.Debug|Any CPU.ActiveCfg = Debug|Any CPU
		{729BE6D7-94AF-4D0A-83DD-B74145011EBF}.Debug|Any CPU.Build.0 = Debug|Any CPU
		{729BE6D7-94AF-4D0A-83DD-B74145011EBF}.Debug|x64.ActiveCfg = Debug|x64
		{729BE6D7-94AF-4D0A-83DD-B74145011EBF}.Debug|x64.Build.0 = Debug|x64
		{729BE6D7-94AF-4D0A-83DD-B74145011EBF}.Debug|x86.ActiveCfg = Debug|x86
		{729BE6D7-94AF-4D0A-83DD-B74145011EBF}.Debug|x86.Build.0 = Debug|x86
		{729BE6D7-94AF-4D0A-83DD-B74145011EBF}.Release|Any CPU.ActiveCfg = Release|Any CPU
		{729BE6D7-94AF-4D0A-83DD-B74145011EBF}.Release|Any CPU.Build.0 = Release|Any CPU
		{729BE6D7-94AF-4D0A-83DD-B74145011EBF}.Release|x64.ActiveCfg = Release|x64
		{729BE6D7-94AF-4D0A-83DD-B74145011EBF}.Release|x64.Build.0 = Release|x64
		{729BE6D7-94AF-4D0A-83DD-B74145011EBF}.Release|x86.ActiveCfg = Release|x86
		{729BE6D7-94AF-4D0A-83DD-B74145011EBF}.Release|x86.Build.0 = Release|x86
	EndGlobalSection
	GlobalSection(SolutionProperties) = preSolution
		HideSolutionNode = FALSE
	EndGlobalSection
	GlobalSection(NestedProjects) = preSolution
		{53E8418E-890E-4238-BEC8-341359D9B649} = {D2240388-FDDB-4942-B31A-3FCCA58B6FC7}
		{AAF27F84-2B60-4240-B2C3-B1A71311205D} = {D2240388-FDDB-4942-B31A-3FCCA58B6FC7}
		{5D9E62D6-3E1C-430C-93A7-5A559B5BFB17} = {3E3B5939-10DE-4F6B-B48F-6B1D53158FBB}
		{69C4BE1B-5258-4FB7-A1FC-9A94F5450247} = {D2240388-FDDB-4942-B31A-3FCCA58B6FC7}
		{A01FB18A-F462-49EF-8D02-9DAE58A97DEC} = {3E3B5939-10DE-4F6B-B48F-6B1D53158FBB}
		{729BE6D7-94AF-4D0A-83DD-B74145011EBF} = {3E3B5939-10DE-4F6B-B48F-6B1D53158FBB}
	EndGlobalSection
EndGlobal
